// !$*UTF8*$!
{
	archiveVersion = 1;
	classes = {
	};
	objectVersion = 50;
	objects = {

/* Begin PBXBuildFile section */
		4EDED63523B60CA0009F0F84 /* AppDelegate.swift in Sources */ = {isa = PBXBuildFile; fileRef = 4EDED63423B60CA0009F0F84 /* AppDelegate.swift */; };
		4EDED63723B60CA0009F0F84 /* SceneDelegate.swift in Sources */ = {isa = PBXBuildFile; fileRef = 4EDED63623B60CA0009F0F84 /* SceneDelegate.swift */; };
		4EDED63923B60CA0009F0F84 /* ContentView.swift in Sources */ = {isa = PBXBuildFile; fileRef = 4EDED63823B60CA0009F0F84 /* ContentView.swift */; };
		4EDED63B23B60CA3009F0F84 /* Assets.xcassets in Resources */ = {isa = PBXBuildFile; fileRef = 4EDED63A23B60CA3009F0F84 /* Assets.xcassets */; };
		4EDED63E23B60CA3009F0F84 /* Preview Assets.xcassets in Resources */ = {isa = PBXBuildFile; fileRef = 4EDED63D23B60CA3009F0F84 /* Preview Assets.xcassets */; };
		4EDED64123B60CA3009F0F84 /* LaunchScreen.storyboard in Resources */ = {isa = PBXBuildFile; fileRef = 4EDED63F23B60CA3009F0F84 /* LaunchScreen.storyboard */; };
		4EDED64A23B60D1C009F0F84 /* Main.storyboard in Resources */ = {isa = PBXBuildFile; fileRef = 4EDED64823B60D1C009F0F84 /* Main.storyboard */; };
		4EDED64C23B60D9F009F0F84 /* MainViewController.swift in Sources */ = {isa = PBXBuildFile; fileRef = 4EDED64B23B60D9F009F0F84 /* MainViewController.swift */; };
/* End PBXBuildFile section */

/* Begin PBXFileReference section */
		4EDED63123B60CA0009F0F84 /* LocalNotification.app */ = {isa = PBXFileReference; explicitFileType = wrapper.application; includeInIndex = 0; path = LocalNotification.app; sourceTree = BUILT_PRODUCTS_DIR; };
		4EDED63423B60CA0009F0F84 /* AppDelegate.swift */ = {isa = PBXFileReference; lastKnownFileType = sourcecode.swift; path = AppDelegate.swift; sourceTree = "<group>"; };
		4EDED63623B60CA0009F0F84 /* SceneDelegate.swift */ = {isa = PBXFileReference; lastKnownFileType = sourcecode.swift; path = SceneDelegate.swift; sourceTree = "<group>"; };
		4EDED63823B60CA0009F0F84 /* ContentView.swift */ = {isa = PBXFileReference; lastKnownFileType = sourcecode.swift; path = ContentView.swift; sourceTree = "<group>"; };
		4EDED63A23B60CA3009F0F84 /* Assets.xcassets */ = {isa = PBXFileReference; lastKnownFileType = folder.assetcatalog; path = Assets.xcassets; sourceTree = "<group>"; };
		4EDED63D23B60CA3009F0F84 /* Preview Assets.xcassets */ = {isa = PBXFileReference; lastKnownFileType = folder.assetcatalog; path = "Preview Assets.xcassets"; sourceTree = "<group>"; };
		4EDED64023B60CA3009F0F84 /* Base */ = {isa = PBXFileReference; lastKnownFileType = file.storyboard; name = Base; path = Base.lproj/LaunchScreen.storyboard; sourceTree = "<group>"; };
		4EDED64223B60CA3009F0F84 /* Info.plist */ = {isa = PBXFileReference; lastKnownFileType = text.plist.xml; path = Info.plist; sourceTree = "<group>"; };
		4EDED64923B60D1C009F0F84 /* Base */ = {isa = PBXFileReference; lastKnownFileType = file.storyboard; name = Base; path = Base.lproj/Main.storyboard; sourceTree = "<group>"; };
		4EDED64B23B60D9F009F0F84 /* MainViewController.swift */ = {isa = PBXFileReference; lastKnownFileType = sourcecode.swift; path = MainViewController.swift; sourceTree = "<group>"; };
/* End PBXFileReference section */

/* Begin PBXFrameworksBuildPhase section */
		4EDED62E23B60CA0009F0F84 /* Frameworks */ = {
			isa = PBXFrameworksBuildPhase;
			buildActionMask = 2147483647;
			files = (
			);
			runOnlyForDeploymentPostprocessing = 0;
		};
/* End PBXFrameworksBuildPhase section */

/* Begin PBXGroup section */
		4EDED62823B60CA0009F0F84 = {
			isa = PBXGroup;
			children = (
				4EDED63323B60CA0009F0F84 /* LocalNotification */,
				4EDED63223B60CA0009F0F84 /* Products */,
			);
			sourceTree = "<group>";
		};
		4EDED63223B60CA0009F0F84 /* Products */ = {
			isa = PBXGroup;
			children = (
				4EDED63123B60CA0009F0F84 /* LocalNotification.app */,
			);
			name = Products;
			sourceTree = "<group>";
		};
		4EDED63323B60CA0009F0F84 /* LocalNotification */ = {
			isa = PBXGroup;
			children = (
				4EDED63423B60CA0009F0F84 /* AppDelegate.swift */,
				4EDED63623B60CA0009F0F84 /* SceneDelegate.swift */,
				4EDED63823B60CA0009F0F84 /* ContentView.swift */,
				4EDED64B23B60D9F009F0F84 /* MainViewController.swift */,
				4EDED63A23B60CA3009F0F84 /* Assets.xcassets */,
				4EDED64823B60D1C009F0F84 /* Main.storyboard */,
				4EDED63F23B60CA3009F0F84 /* LaunchScreen.storyboard */,
				4EDED64223B60CA3009F0F84 /* Info.plist */,
				4EDED63C23B60CA3009F0F84 /* Preview Content */,
			);
			path = LocalNotification;
			sourceTree = "<group>";
		};
		4EDED63C23B60CA3009F0F84 /* Preview Content */ = {
			isa = PBXGroup;
			children = (
				4EDED63D23B60CA3009F0F84 /* Preview Assets.xcassets */,
			);
			path = "Preview Content";
			sourceTree = "<group>";
		};
/* End PBXGroup section */

/* Begin PBXNativeTarget section */
		4EDED63023B60CA0009F0F84 /* LocalNotification */ = {
			isa = PBXNativeTarget;
			buildConfigurationList = 4EDED64523B60CA3009F0F84 /* Build configuration list for PBXNativeTarget "LocalNotification" */;
			buildPhases = (
				4EDED62D23B60CA0009F0F84 /* Sources */,
				4EDED62E23B60CA0009F0F84 /* Frameworks */,
				4EDED62F23B60CA0009F0F84 /* Resources */,
			);
			buildRules = (
			);
			dependencies = (
			);
			name = LocalNotification;
			productName = LocalNotification;
			productReference = 4EDED63123B60CA0009F0F84 /* LocalNotification.app */;
			productType = "com.apple.product-type.application";
		};
/* End PBXNativeTarget section */

/* Begin PBXProject section */
		4EDED62923B60CA0009F0F84 /* Project object */ = {
			isa = PBXProject;
			attributes = {
				LastSwiftUpdateCheck = 1100;
				LastUpgradeCheck = 1100;
				ORGANIZATIONNAME = DC;
				TargetAttributes = {
					4EDED63023B60CA0009F0F84 = {
						CreatedOnToolsVersion = 11.0;
					};
				};
			};
			buildConfigurationList = 4EDED62C23B60CA0009F0F84 /* Build configuration list for PBXProject "LocalNotification" */;
			compatibilityVersion = "Xcode 9.3";
			developmentRegion = en;
			hasScannedForEncodings = 0;
			knownRegions = (
				en,
				Base,
			);
			mainGroup = 4EDED62823B60CA0009F0F84;
			productRefGroup = 4EDED63223B60CA0009F0F84 /* Products */;
			projectDirPath = "";
			projectRoot = "";
			targets = (
				4EDED63023B60CA0009F0F84 /* LocalNotification */,
			);
		};
/* End PBXProject section */

/* Begin PBXResourcesBuildPhase section */
		4EDED62F23B60CA0009F0F84 /* Resources */ = {
			isa = PBXResourcesBuildPhase;
			buildActionMask = 2147483647;
			files = (
				4EDED64123B60CA3009F0F84 /* LaunchScreen.storyboard in Resources */,
				4EDED63E23B60CA3009F0F84 /* Preview Assets.xcassets in Resources */,
				4EDED63B23B60CA3009F0F84 /* Assets.xcassets in Resources */,
				4EDED64A23B60D1C009F0F84 /* Main.storyboard in Resources */,
			);
			runOnlyForDeploymentPostprocessing = 0;
		};
/* End PBXResourcesBuildPhase section */

/* Begin PBXSourcesBuildPhase section */
		4EDED62D23B60CA0009F0F84 /* Sources */ = {
			isa = PBXSourcesBuildPhase;
			buildActionMask = 2147483647;
			files = (
				4EDED63523B60CA0009F0F84 /* AppDelegate.swift in Sources */,
				4EDED63723B60CA0009F0F84 /* SceneDelegate.swift in Sources */,
				4EDED63923B60CA0009F0F84 /* ContentView.swift in Sources */,
				4EDED64C23B60D9F009F0F84 /* MainViewController.swift in Sources */,
			);
			runOnlyForDeploymentPostprocessing = 0;
		};
/* End PBXSourcesBuildPhase section */

/* Begin PBXVariantGroup section */
		4EDED63F23B60CA3009F0F84 /* LaunchScreen.storyboard */ = {
			isa = PBXVariantGroup;
			children = (
				4EDED64023B60CA3009F0F84 /* Base */,
			);
			name = LaunchScreen.storyboard;
			sourceTree = "<group>";
		};
		4EDED64823B60D1C009F0F84 /* Main.storyboard */ = {
			isa = PBXVariantGroup;
			children = (
				4EDED64923B60D1C009F0F84 /* Base */,
			);
			name = Main.storyboard;
			sourceTree = "<group>";
		};
/* End PBXVariantGroup section */

/* Begin XCBuildConfiguration section */
		4EDED64323B60CA3009F0F84 /* Debug */ = {
			isa = XCBuildConfiguration;
			buildSettings = {
				ALWAYS_SEARCH_USER_PATHS = NO;
				CLANG_ANALYZER_NONNULL = YES;
				CLANG_ANALYZER_NUMBER_OBJECT_CONVERSION = YES_AGGRESSIVE;
				CLANG_CXX_LANGUAGE_STANDARD = "gnu++14";
				CLANG_CXX_LIBRARY = "libc++";
				CLANG_ENABLE_MODULES = YES;
				CLANG_ENABLE_OBJC_ARC = YES;
				CLANG_ENABLE_OBJC_WEAK = YES;
				CLANG_WARN_BLOCK_CAPTURE_AUTORELEASING = YES;
				CLANG_WARN_BOOL_CONVERSION = YES;
				CLANG_WARN_COMMA = YES;
				CLANG_WARN_CONSTANT_CONVERSION = YES;
				CLANG_WARN_DEPRECATED_OBJC_IMPLEMENTATIONS = YES;
				CLANG_WARN_DIRECT_OBJC_ISA_USAGE = YES_ERROR;
				CLANG_WARN_DOCUMENTATION_COMMENTS = YES;
				CLANG_WARN_EMPTY_BODY = YES;
				CLANG_WARN_ENUM_CONVERSION = YES;
				CLANG_WARN_INFINITE_RECURSION = YES;
				CLANG_WARN_INT_CONVERSION = YES;
				CLANG_WARN_NON_LITERAL_NULL_CONVERSION = YES;
				CLANG_WARN_OBJC_IMPLICIT_RETAIN_SELF = YES;
				CLANG_WARN_OBJC_LITERAL_CONVERSION = YES;
				CLANG_WARN_OBJC_ROOT_CLASS = YES_ERROR;
				CLANG_WARN_RANGE_LOOP_ANALYSIS = YES;
				CLANG_WARN_STRICT_PROTOTYPES = YES;
				CLANG_WARN_SUSPICIOUS_MOVE = YES;
				CLANG_WARN_UNGUARDED_AVAILABILITY = YES_AGGRESSIVE;
				CLANG_WARN_UNREACHABLE_CODE = YES;
				CLANG_WARN__DUPLICATE_METHOD_MATCH = YES;
				COPY_PHASE_STRIP = NO;
				DEBUG_INFORMATION_FORMAT = dwarf;
				ENABLE_STRICT_OBJC_MSGSEND = YES;
				ENABLE_TESTABILITY = YES;
				GCC_C_LANGUAGE_STANDARD = gnu11;
				GCC_DYNAMIC_NO_PIC = NO;
				GCC_NO_COMMON_BLOCKS = YES;
				GCC_OPTIMIZATION_LEVEL = 0;
				GCC_PREPROCESSOR_DEFINITIONS = (
					"DEBUG=1",
					"$(inherited)",
				);
				GCC_WARN_64_TO_32_BIT_CONVERSION = YES;
				GCC_WARN_ABOUT_RETURN_TYPE = YES_ERROR;
				GCC_WARN_UNDECLARED_SELECTOR = YES;
				GCC_WARN_UNINITIALIZED_AUTOS = YES_AGGRESSIVE;
				GCC_WARN_UNUSED_FUNCTION = YES;
				GCC_WARN_UNUSED_VARIABLE = YES;
				IPHONEOS_DEPLOYMENT_TARGET = 13.0;
				MTL_ENABLE_DEBUG_INFO = INCLUDE_SOURCE;
				MTL_FAST_MATH = YES;
				ONLY_ACTIVE_ARCH = YES;
				SDKROOT = iphoneos;
				SWIFT_ACTIVE_COMPILATION_CONDITIONS = DEBUG;
				SWIFT_OPTIMIZATION_LEVEL = "-Onone";
			};
			name = Debug;
		};
		4EDED64423B60CA3009F0F84 /* Release */ = {
			isa = XCBuildConfiguration;
			buildSettings = {
				ALWAYS_SEARCH_USER_PATHS = NO;
				CLANG_ANALYZER_NONNULL = YES;
				CLANG_ANALYZER_NUMBER_OBJECT_CONVERSION = YES_AGGRESSIVE;
				CLANG_CXX_LANGUAGE_STANDARD = "gnu++14";
				CLANG_CXX_LIBRARY = "libc++";
				CLANG_ENABLE_MODULES = YES;
				CLANG_ENABLE_OBJC_ARC = YES;
				CLANG_ENABLE_OBJC_WEAK = YES;
				CLANG_WARN_BLOCK_CAPTURE_AUTORELEASING = YES;
				CLANG_WARN_BOOL_CONVERSION = YES;
				CLANG_WARN_COMMA = YES;
				CLANG_WARN_CONSTANT_CONVERSION = YES;
				CLANG_WARN_DEPRECATED_OBJC_IMPLEMENTATIONS = YES;
				CLANG_WARN_DIRECT_OBJC_ISA_USAGE = YES_ERROR;
				CLANG_WARN_DOCUMENTATION_COMMENTS = YES;
				CLANG_WARN_EMPTY_BODY = YES;
				CLANG_WARN_ENUM_CONVERSION = YES;
				CLANG_WARN_INFINITE_RECURSION = YES;
				CLANG_WARN_INT_CONVERSION = YES;
				CLANG_WARN_NON_LITERAL_NULL_CONVERSION = YES;
				CLANG_WARN_OBJC_IMPLICIT_RETAIN_SELF = YES;
				CLANG_WARN_OBJC_LITERAL_CONVERSION = YES;
				CLANG_WARN_OBJC_ROOT_CLASS = YES_ERROR;
				CLANG_WARN_RANGE_LOOP_ANALYSIS = YES;
				CLANG_WARN_STRICT_PROTOTYPES = YES;
				CLANG_WARN_SUSPICIOUS_MOVE = YES;
				CLANG_WARN_UNGUARDED_AVAILABILITY = YES_AGGRESSIVE;
				CLANG_WARN_UNREACHABLE_CODE = YES;
				CLANG_WARN__DUPLICATE_METHOD_MATCH = YES;
				COPY_PHASE_STRIP = NO;
				DEBUG_INFORMATION_FORMAT = "dwarf-with-dsym";
				ENABLE_NS_ASSERTIONS = NO;
				ENABLE_STRICT_OBJC_MSGSEND = YES;
				GCC_C_LANGUAGE_STANDARD = gnu11;
				GCC_NO_COMMON_BLOCKS = YES;
				GCC_WARN_64_TO_32_BIT_CONVERSION = YES;
				GCC_WARN_ABOUT_RETURN_TYPE = YES_ERROR;
				GCC_WARN_UNDECLARED_SELECTOR = YES;
				GCC_WARN_UNINITIALIZED_AUTOS = YES_AGGRESSIVE;
				GCC_WARN_UNUSED_FUNCTION = YES;
				GCC_WARN_UNUSED_VARIABLE = YES;
				IPHONEOS_DEPLOYMENT_TARGET = 13.0;
				MTL_ENABLE_DEBUG_INFO = NO;
				MTL_FAST_MATH = YES;
				SDKROOT = iphoneos;
				SWIFT_COMPILATION_MODE = wholemodule;
				SWIFT_OPTIMIZATION_LEVEL = "-O";
				VALIDATE_PRODUCT = YES;
			};
			name = Release;
		};
		4EDED64623B60CA3009F0F84 /* Debug */ = {
			isa = XCBuildConfiguration;
			buildSettings = {
				ASSETCATALOG_COMPILER_APPICON_NAME = AppIcon;
				CODE_SIGN_STYLE = Automatic;
				DEVELOPMENT_ASSET_PATHS = "\"LocalNotification/Preview Content\"";
				DEVELOPMENT_TEAM = TC63A5A779;
				ENABLE_PREVIEWS = YES;
				INFOPLIST_FILE = LocalNotification/Info.plist;
				LD_RUNPATH_SEARCH_PATHS = (
					"$(inherited)",
					"@executable_path/Frameworks",
				);
				PRODUCT_BUNDLE_IDENTIFIER = com.damonthecricket.LocalNotification;
				PRODUCT_NAME = "$(TARGET_NAME)";
				SWIFT_VERSION = 5.0;
				TARGETED_DEVICE_FAMILY = "1,2";
			};
			name = Debug;
		};
		4EDED64723B60CA3009F0F84 /* Release */ = {
			isa = XCBuildConfiguration;
			buildSettings = {
				ASSETCATALOG_COMPILER_APPICON_NAME = AppIcon;
				CODE_SIGN_STYLE = Automatic;
				DEVELOPMENT_ASSET_PATHS = "\"LocalNotification/Preview Content\"";
				DEVELOPMENT_TEAM = TC63A5A779;
				ENABLE_PREVIEWS = YES;
				INFOPLIST_FILE = LocalNotification/Info.plist;
				LD_RUNPATH_SEARCH_PATHS = (
					"$(inherited)",
					"@executable_path/Frameworks",
				);
				PRODUCT_BUNDLE_IDENTIFIER = com.damonthecricket.LocalNotification;
				PRODUCT_NAME = "$(TARGET_NAME)";
				SWIFT_VERSION = 5.0;
				TARGETED_DEVICE_FAMILY = "1,2";
			};
			name = Release;
		};
/* End XCBuildConfiguration section */

/* Begin XCConfigurationList section */
		4EDED62C23B60CA0009F0F84 /* Build configuration list for PBXProject "LocalNotification" */ = {
			isa = XCConfigurationList;
			buildConfigurations = (
				4EDED64323B60CA3009F0F84 /* Debug */,
				4EDED64423B60CA3009F0F84 /* Release */,
			);
			defaultConfigurationIsVisible = 0;
			defaultConfigurationName = Release;
		};
		4EDED64523B60CA3009F0F84 /* Build configuration list for PBXNativeTarget "LocalNotification" */ = {
			isa = XCConfigurationList;
			buildConfigurations = (
				4EDED64623B60CA3009F0F84 /* Debug */,
				4EDED64723B60CA3009F0F84 /* Release */,
			);
			defaultConfigurationIsVisible = 0;
			defaultConfigurationName = Release;
		};
/* End XCConfigurationList section */
	};
	rootObject = 4EDED62923B60CA0009F0F84 /* Project object */;
}
